// !$*UTF8*$!
{
	archiveVersion = 1;
	classes = {
	};
	objectVersion = 56;
	objects = {

/* Begin PBXBuildFile section */
		FA71414E295C7ADB0002419D /* AppDelegate.swift in Sources */ = {isa = PBXBuildFile; fileRef = FA71414D295C7ADB0002419D /* AppDelegate.swift */; };
		FA714150295C7ADB0002419D /* ViewController.swift in Sources */ = {isa = PBXBuildFile; fileRef = FA71414F295C7ADB0002419D /* ViewController.swift */; };
		FA714152295C7ADD0002419D /* Assets.xcassets in Resources */ = {isa = PBXBuildFile; fileRef = FA714151295C7ADD0002419D /* Assets.xcassets */; };
		FA714155295C7ADD0002419D /* Main.storyboard in Resources */ = {isa = PBXBuildFile; fileRef = FA714153295C7ADD0002419D /* Main.storyboard */; };
		FA714160295C7ADE0002419D /* testSparkleReleaseTests.swift in Sources */ = {isa = PBXBuildFile; fileRef = FA71415F295C7ADE0002419D /* testSparkleReleaseTests.swift */; };
		FA71416A295C7ADE0002419D /* testSparkleReleaseUITests.swift in Sources */ = {isa = PBXBuildFile; fileRef = FA714169295C7ADE0002419D /* testSparkleReleaseUITests.swift */; };
		FA71416C295C7ADE0002419D /* testSparkleReleaseUITestsLaunchTests.swift in Sources */ = {isa = PBXBuildFile; fileRef = FA71416B295C7ADE0002419D /* testSparkleReleaseUITestsLaunchTests.swift */; };
		FA71417A295C7B510002419D /* Sparkle in Frameworks */ = {isa = PBXBuildFile; productRef = FA714179295C7B510002419D /* Sparkle */; };
/* End PBXBuildFile section */

/* Begin PBXContainerItemProxy section */
		FA71415C295C7ADE0002419D /* PBXContainerItemProxy */ = {
			isa = PBXContainerItemProxy;
			containerPortal = FA714142295C7ADB0002419D /* Project object */;
			proxyType = 1;
			remoteGlobalIDString = FA714149295C7ADB0002419D;
			remoteInfo = testSparkleRelease;
		};
		FA714166295C7ADE0002419D /* PBXContainerItemProxy */ = {
			isa = PBXContainerItemProxy;
			containerPortal = FA714142295C7ADB0002419D /* Project object */;
			proxyType = 1;
			remoteGlobalIDString = FA714149295C7ADB0002419D;
			remoteInfo = testSparkleRelease;
		};
/* End PBXContainerItemProxy section */

/* Begin PBXFileReference section */
		FA71414A295C7ADB0002419D /* testSparkleRelease.app */ = {isa = PBXFileReference; explicitFileType = wrapper.application; includeInIndex = 0; path = testSparkleRelease.app; sourceTree = BUILT_PRODUCTS_DIR; };
		FA71414D295C7ADB0002419D /* AppDelegate.swift */ = {isa = PBXFileReference; lastKnownFileType = sourcecode.swift; path = AppDelegate.swift; sourceTree = "<group>"; };
		FA71414F295C7ADB0002419D /* ViewController.swift */ = {isa = PBXFileReference; lastKnownFileType = sourcecode.swift; path = ViewController.swift; sourceTree = "<group>"; };
		FA714151295C7ADD0002419D /* Assets.xcassets */ = {isa = PBXFileReference; lastKnownFileType = folder.assetcatalog; path = Assets.xcassets; sourceTree = "<group>"; };
		FA714154295C7ADD0002419D /* Base */ = {isa = PBXFileReference; lastKnownFileType = file.storyboard; name = Base; path = Base.lproj/Main.storyboard; sourceTree = "<group>"; };
		FA714156295C7ADD0002419D /* testSparkleRelease.entitlements */ = {isa = PBXFileReference; lastKnownFileType = text.plist.entitlements; path = testSparkleRelease.entitlements; sourceTree = "<group>"; };
		FA71415B295C7ADE0002419D /* testSparkleReleaseTests.xctest */ = {isa = PBXFileReference; explicitFileType = wrapper.cfbundle; includeInIndex = 0; path = testSparkleReleaseTests.xctest; sourceTree = BUILT_PRODUCTS_DIR; };
		FA71415F295C7ADE0002419D /* testSparkleReleaseTests.swift */ = {isa = PBXFileReference; lastKnownFileType = sourcecode.swift; path = testSparkleReleaseTests.swift; sourceTree = "<group>"; };
		FA714165295C7ADE0002419D /* testSparkleReleaseUITests.xctest */ = {isa = PBXFileReference; explicitFileType = wrapper.cfbundle; includeInIndex = 0; path = testSparkleReleaseUITests.xctest; sourceTree = BUILT_PRODUCTS_DIR; };
		FA714169295C7ADE0002419D /* testSparkleReleaseUITests.swift */ = {isa = PBXFileReference; lastKnownFileType = sourcecode.swift; path = testSparkleReleaseUITests.swift; sourceTree = "<group>"; };
		FA71416B295C7ADE0002419D /* testSparkleReleaseUITestsLaunchTests.swift */ = {isa = PBXFileReference; lastKnownFileType = sourcecode.swift; path = testSparkleReleaseUITestsLaunchTests.swift; sourceTree = "<group>"; };
		FA71417B295C7BED0002419D /* Info.plist */ = {isa = PBXFileReference; lastKnownFileType = text.plist; path = Info.plist; sourceTree = "<group>"; };
/* End PBXFileReference section */

/* Begin PBXFrameworksBuildPhase section */
		FA714147295C7ADB0002419D /* Frameworks */ = {
			isa = PBXFrameworksBuildPhase;
			buildActionMask = 2147483647;
			files = (
				FA71417A295C7B510002419D /* Sparkle in Frameworks */,
			);
			runOnlyForDeploymentPostprocessing = 0;
		};
		FA714158295C7ADE0002419D /* Frameworks */ = {
			isa = PBXFrameworksBuildPhase;
			buildActionMask = 2147483647;
			files = (
			);
			runOnlyForDeploymentPostprocessing = 0;
		};
		FA714162295C7ADE0002419D /* Frameworks */ = {
			isa = PBXFrameworksBuildPhase;
			buildActionMask = 2147483647;
			files = (
			);
			runOnlyForDeploymentPostprocessing = 0;
		};
/* End PBXFrameworksBuildPhase section */

/* Begin PBXGroup section */
		FA714141295C7ADB0002419D = {
			isa = PBXGroup;
			children = (
				FA71414C295C7ADB0002419D /* testSparkleRelease */,
				FA71415E295C7ADE0002419D /* testSparkleReleaseTests */,
				FA714168295C7ADE0002419D /* testSparkleReleaseUITests */,
				FA71414B295C7ADB0002419D /* Products */,
			);
			sourceTree = "<group>";
		};
		FA71414B295C7ADB0002419D /* Products */ = {
			isa = PBXGroup;
			children = (
				FA71414A295C7ADB0002419D /* testSparkleRelease.app */,
				FA71415B295C7ADE0002419D /* testSparkleReleaseTests.xctest */,
				FA714165295C7ADE0002419D /* testSparkleReleaseUITests.xctest */,
			);
			name = Products;
			sourceTree = "<group>";
		};
		FA71414C295C7ADB0002419D /* testSparkleRelease */ = {
			isa = PBXGroup;
			children = (
				FA71417B295C7BED0002419D /* Info.plist */,
				FA71414D295C7ADB0002419D /* AppDelegate.swift */,
				FA71414F295C7ADB0002419D /* ViewController.swift */,
				FA714151295C7ADD0002419D /* Assets.xcassets */,
				FA714153295C7ADD0002419D /* Main.storyboard */,
				FA714156295C7ADD0002419D /* testSparkleRelease.entitlements */,
			);
			path = testSparkleRelease;
			sourceTree = "<group>";
		};
		FA71415E295C7ADE0002419D /* testSparkleReleaseTests */ = {
			isa = PBXGroup;
			children = (
				FA71415F295C7ADE0002419D /* testSparkleReleaseTests.swift */,
			);
			path = testSparkleReleaseTests;
			sourceTree = "<group>";
		};
		FA714168295C7ADE0002419D /* testSparkleReleaseUITests */ = {
			isa = PBXGroup;
			children = (
				FA714169295C7ADE0002419D /* testSparkleReleaseUITests.swift */,
				FA71416B295C7ADE0002419D /* testSparkleReleaseUITestsLaunchTests.swift */,
			);
			path = testSparkleReleaseUITests;
			sourceTree = "<group>";
		};
/* End PBXGroup section */

/* Begin PBXNativeTarget section */
		FA714149295C7ADB0002419D /* testSparkleRelease */ = {
			isa = PBXNativeTarget;
			buildConfigurationList = FA71416F295C7ADE0002419D /* Build configuration list for PBXNativeTarget "testSparkleRelease" */;
			buildPhases = (
				FA714146295C7ADB0002419D /* Sources */,
				FA714147295C7ADB0002419D /* Frameworks */,
				FA714148295C7ADB0002419D /* Resources */,
			);
			buildRules = (
			);
			dependencies = (
			);
			name = testSparkleRelease;
			packageProductDependencies = (
				FA714179295C7B510002419D /* Sparkle */,
			);
			productName = testSparkleRelease;
			productReference = FA71414A295C7ADB0002419D /* testSparkleRelease.app */;
			productType = "com.apple.product-type.application";
		};
		FA71415A295C7ADE0002419D /* testSparkleReleaseTests */ = {
			isa = PBXNativeTarget;
			buildConfigurationList = FA714172295C7ADE0002419D /* Build configuration list for PBXNativeTarget "testSparkleReleaseTests" */;
			buildPhases = (
				FA714157295C7ADE0002419D /* Sources */,
				FA714158295C7ADE0002419D /* Frameworks */,
				FA714159295C7ADE0002419D /* Resources */,
			);
			buildRules = (
			);
			dependencies = (
				FA71415D295C7ADE0002419D /* PBXTargetDependency */,
			);
			name = testSparkleReleaseTests;
			productName = testSparkleReleaseTests;
			productReference = FA71415B295C7ADE0002419D /* testSparkleReleaseTests.xctest */;
			productType = "com.apple.product-type.bundle.unit-test";
		};
		FA714164295C7ADE0002419D /* testSparkleReleaseUITests */ = {
			isa = PBXNativeTarget;
			buildConfigurationList = FA714175295C7ADE0002419D /* Build configuration list for PBXNativeTarget "testSparkleReleaseUITests" */;
			buildPhases = (
				FA714161295C7ADE0002419D /* Sources */,
				FA714162295C7ADE0002419D /* Frameworks */,
				FA714163295C7ADE0002419D /* Resources */,
			);
			buildRules = (
			);
			dependencies = (
				FA714167295C7ADE0002419D /* PBXTargetDependency */,
			);
			name = testSparkleReleaseUITests;
			productName = testSparkleReleaseUITests;
			productReference = FA714165295C7ADE0002419D /* testSparkleReleaseUITests.xctest */;
			productType = "com.apple.product-type.bundle.ui-testing";
		};
/* End PBXNativeTarget section */

/* Begin PBXProject section */
		FA714142295C7ADB0002419D /* Project object */ = {
			isa = PBXProject;
			attributes = {
				BuildIndependentTargetsInParallel = 1;
				LastSwiftUpdateCheck = 1420;
				LastUpgradeCheck = 1420;
				TargetAttributes = {
					FA714149295C7ADB0002419D = {
						CreatedOnToolsVersion = 14.2;
					};
					FA71415A295C7ADE0002419D = {
						CreatedOnToolsVersion = 14.2;
						TestTargetID = FA714149295C7ADB0002419D;
					};
					FA714164295C7ADE0002419D = {
						CreatedOnToolsVersion = 14.2;
						TestTargetID = FA714149295C7ADB0002419D;
					};
				};
			};
			buildConfigurationList = FA714145295C7ADB0002419D /* Build configuration list for PBXProject "testSparkleRelease" */;
			compatibilityVersion = "Xcode 14.0";
			developmentRegion = en;
			hasScannedForEncodings = 0;
			knownRegions = (
				en,
				Base,
			);
			mainGroup = FA714141295C7ADB0002419D;
			packageReferences = (
				FA714178295C7B510002419D /* XCRemoteSwiftPackageReference "Sparkle" */,
			);
			productRefGroup = FA71414B295C7ADB0002419D /* Products */;
			projectDirPath = "";
			projectRoot = "";
			targets = (
				FA714149295C7ADB0002419D /* testSparkleRelease */,
				FA71415A295C7ADE0002419D /* testSparkleReleaseTests */,
				FA714164295C7ADE0002419D /* testSparkleReleaseUITests */,
			);
		};
/* End PBXProject section */

/* Begin PBXResourcesBuildPhase section */
		FA714148295C7ADB0002419D /* Resources */ = {
			isa = PBXResourcesBuildPhase;
			buildActionMask = 2147483647;
			files = (
				FA714152295C7ADD0002419D /* Assets.xcassets in Resources */,
				FA714155295C7ADD0002419D /* Main.storyboard in Resources */,
			);
			runOnlyForDeploymentPostprocessing = 0;
		};
		FA714159295C7ADE0002419D /* Resources */ = {
			isa = PBXResourcesBuildPhase;
			buildActionMask = 2147483647;
			files = (
			);
			runOnlyForDeploymentPostprocessing = 0;
		};
		FA714163295C7ADE0002419D /* Resources */ = {
			isa = PBXResourcesBuildPhase;
			buildActionMask = 2147483647;
			files = (
			);
			runOnlyForDeploymentPostprocessing = 0;
		};
/* End PBXResourcesBuildPhase section */

/* Begin PBXSourcesBuildPhase section */
		FA714146295C7ADB0002419D /* Sources */ = {
			isa = PBXSourcesBuildPhase;
			buildActionMask = 2147483647;
			files = (
				FA714150295C7ADB0002419D /* ViewController.swift in Sources */,
				FA71414E295C7ADB0002419D /* AppDelegate.swift in Sources */,
			);
			runOnlyForDeploymentPostprocessing = 0;
		};
		FA714157295C7ADE0002419D /* Sources */ = {
			isa = PBXSourcesBuildPhase;
			buildActionMask = 2147483647;
			files = (
				FA714160295C7ADE0002419D /* testSparkleReleaseTests.swift in Sources */,
			);
			runOnlyForDeploymentPostprocessing = 0;
		};
		FA714161295C7ADE0002419D /* Sources */ = {
			isa = PBXSourcesBuildPhase;
			buildActionMask = 2147483647;
			files = (
				FA71416A295C7ADE0002419D /* testSparkleReleaseUITests.swift in Sources */,
				FA71416C295C7ADE0002419D /* testSparkleReleaseUITestsLaunchTests.swift in Sources */,
			);
			runOnlyForDeploymentPostprocessing = 0;
		};
/* End PBXSourcesBuildPhase section */

/* Begin PBXTargetDependency section */
		FA71415D295C7ADE0002419D /* PBXTargetDependency */ = {
			isa = PBXTargetDependency;
			target = FA714149295C7ADB0002419D /* testSparkleRelease */;
			targetProxy = FA71415C295C7ADE0002419D /* PBXContainerItemProxy */;
		};
		FA714167295C7ADE0002419D /* PBXTargetDependency */ = {
			isa = PBXTargetDependency;
			target = FA714149295C7ADB0002419D /* testSparkleRelease */;
			targetProxy = FA714166295C7ADE0002419D /* PBXContainerItemProxy */;
		};
/* End PBXTargetDependency section */

/* Begin PBXVariantGroup section */
		FA714153295C7ADD0002419D /* Main.storyboard */ = {
			isa = PBXVariantGroup;
			children = (
				FA714154295C7ADD0002419D /* Base */,
			);
			name = Main.storyboard;
			sourceTree = "<group>";
		};
/* End PBXVariantGroup section */

/* Begin XCBuildConfiguration section */
		FA71416D295C7ADE0002419D /* Debug */ = {
			isa = XCBuildConfiguration;
			buildSettings = {
				ALWAYS_SEARCH_USER_PATHS = NO;
				CLANG_ANALYZER_NONNULL = YES;
				CLANG_ANALYZER_NUMBER_OBJECT_CONVERSION = YES_AGGRESSIVE;
				CLANG_CXX_LANGUAGE_STANDARD = "gnu++20";
				CLANG_ENABLE_MODULES = YES;
				CLANG_ENABLE_OBJC_ARC = YES;
				CLANG_ENABLE_OBJC_WEAK = YES;
				CLANG_WARN_BLOCK_CAPTURE_AUTORELEASING = YES;
				CLANG_WARN_BOOL_CONVERSION = YES;
				CLANG_WARN_COMMA = YES;
				CLANG_WARN_CONSTANT_CONVERSION = YES;
				CLANG_WARN_DEPRECATED_OBJC_IMPLEMENTATIONS = YES;
				CLANG_WARN_DIRECT_OBJC_ISA_USAGE = YES_ERROR;
				CLANG_WARN_DOCUMENTATION_COMMENTS = YES;
				CLANG_WARN_EMPTY_BODY = YES;
				CLANG_WARN_ENUM_CONVERSION = YES;
				CLANG_WARN_INFINITE_RECURSION = YES;
				CLANG_WARN_INT_CONVERSION = YES;
				CLANG_WARN_NON_LITERAL_NULL_CONVERSION = YES;
				CLANG_WARN_OBJC_IMPLICIT_RETAIN_SELF = YES;
				CLANG_WARN_OBJC_LITERAL_CONVERSION = YES;
				CLANG_WARN_OBJC_ROOT_CLASS = YES_ERROR;
				CLANG_WARN_QUOTED_INCLUDE_IN_FRAMEWORK_HEADER = YES;
				CLANG_WARN_RANGE_LOOP_ANALYSIS = YES;
				CLANG_WARN_STRICT_PROTOTYPES = YES;
				CLANG_WARN_SUSPICIOUS_MOVE = YES;
				CLANG_WARN_UNGUARDED_AVAILABILITY = YES_AGGRESSIVE;
				CLANG_WARN_UNREACHABLE_CODE = YES;
				CLANG_WARN__DUPLICATE_METHOD_MATCH = YES;
				COPY_PHASE_STRIP = NO;
				DEBUG_INFORMATION_FORMAT = dwarf;
				ENABLE_STRICT_OBJC_MSGSEND = YES;
				ENABLE_TESTABILITY = YES;
				GCC_C_LANGUAGE_STANDARD = gnu11;
				GCC_DYNAMIC_NO_PIC = NO;
				GCC_NO_COMMON_BLOCKS = YES;
				GCC_OPTIMIZATION_LEVEL = 0;
				GCC_PREPROCESSOR_DEFINITIONS = (
					"DEBUG=1",
					"$(inherited)",
				);
				GCC_WARN_64_TO_32_BIT_CONVERSION = YES;
				GCC_WARN_ABOUT_RETURN_TYPE = YES_ERROR;
				GCC_WARN_UNDECLARED_SELECTOR = YES;
				GCC_WARN_UNINITIALIZED_AUTOS = YES_AGGRESSIVE;
				GCC_WARN_UNUSED_FUNCTION = YES;
				GCC_WARN_UNUSED_VARIABLE = YES;
				MACOSX_DEPLOYMENT_TARGET = 13.1;
				MTL_ENABLE_DEBUG_INFO = INCLUDE_SOURCE;
				MTL_FAST_MATH = YES;
				ONLY_ACTIVE_ARCH = YES;
				SDKROOT = macosx;
				SWIFT_ACTIVE_COMPILATION_CONDITIONS = DEBUG;
				SWIFT_OPTIMIZATION_LEVEL = "-Onone";
			};
			name = Debug;
		};
		FA71416E295C7ADE0002419D /* Release */ = {
			isa = XCBuildConfiguration;
			buildSettings = {
				ALWAYS_SEARCH_USER_PATHS = NO;
				CLANG_ANALYZER_NONNULL = YES;
				CLANG_ANALYZER_NUMBER_OBJECT_CONVERSION = YES_AGGRESSIVE;
				CLANG_CXX_LANGUAGE_STANDARD = "gnu++20";
				CLANG_ENABLE_MODULES = YES;
				CLANG_ENABLE_OBJC_ARC = YES;
				CLANG_ENABLE_OBJC_WEAK = YES;
				CLANG_WARN_BLOCK_CAPTURE_AUTORELEASING = YES;
				CLANG_WARN_BOOL_CONVERSION = YES;
				CLANG_WARN_COMMA = YES;
				CLANG_WARN_CONSTANT_CONVERSION = YES;
				CLANG_WARN_DEPRECATED_OBJC_IMPLEMENTATIONS = YES;
				CLANG_WARN_DIRECT_OBJC_ISA_USAGE = YES_ERROR;
				CLANG_WARN_DOCUMENTATION_COMMENTS = YES;
				CLANG_WARN_EMPTY_BODY = YES;
				CLANG_WARN_ENUM_CONVERSION = YES;
				CLANG_WARN_INFINITE_RECURSION = YES;
				CLANG_WARN_INT_CONVERSION = YES;
				CLANG_WARN_NON_LITERAL_NULL_CONVERSION = YES;
				CLANG_WARN_OBJC_IMPLICIT_RETAIN_SELF = YES;
				CLANG_WARN_OBJC_LITERAL_CONVERSION = YES;
				CLANG_WARN_OBJC_ROOT_CLASS = YES_ERROR;
				CLANG_WARN_QUOTED_INCLUDE_IN_FRAMEWORK_HEADER = YES;
				CLANG_WARN_RANGE_LOOP_ANALYSIS = YES;
				CLANG_WARN_STRICT_PROTOTYPES = YES;
				CLANG_WARN_SUSPICIOUS_MOVE = YES;
				CLANG_WARN_UNGUARDED_AVAILABILITY = YES_AGGRESSIVE;
				CLANG_WARN_UNREACHABLE_CODE = YES;
				CLANG_WARN__DUPLICATE_METHOD_MATCH = YES;
				COPY_PHASE_STRIP = NO;
				DEBUG_INFORMATION_FORMAT = "dwarf-with-dsym";
				ENABLE_NS_ASSERTIONS = NO;
				ENABLE_STRICT_OBJC_MSGSEND = YES;
				GCC_C_LANGUAGE_STANDARD = gnu11;
				GCC_NO_COMMON_BLOCKS = YES;
				GCC_WARN_64_TO_32_BIT_CONVERSION = YES;
				GCC_WARN_ABOUT_RETURN_TYPE = YES_ERROR;
				GCC_WARN_UNDECLARED_SELECTOR = YES;
				GCC_WARN_UNINITIALIZED_AUTOS = YES_AGGRESSIVE;
				GCC_WARN_UNUSED_FUNCTION = YES;
				GCC_WARN_UNUSED_VARIABLE = YES;
				MACOSX_DEPLOYMENT_TARGET = 13.1;
				MTL_ENABLE_DEBUG_INFO = NO;
				MTL_FAST_MATH = YES;
				SDKROOT = macosx;
				SWIFT_COMPILATION_MODE = wholemodule;
				SWIFT_OPTIMIZATION_LEVEL = "-O";
			};
			name = Release;
		};
		FA714170295C7ADE0002419D /* Debug */ = {
			isa = XCBuildConfiguration;
			buildSettings = {
				ASSETCATALOG_COMPILER_APPICON_NAME = AppIcon;
				ASSETCATALOG_COMPILER_GLOBAL_ACCENT_COLOR_NAME = AccentColor;
				CODE_SIGN_ENTITLEMENTS = testSparkleRelease/testSparkleRelease.entitlements;
				CODE_SIGN_STYLE = Automatic;
				COMBINE_HIDPI_IMAGES = YES;
				CURRENT_PROJECT_VERSION = v1.3.1;
				DEVELOPMENT_TEAM = XX9N244QQT;
				ENABLE_HARDENED_RUNTIME = NO;
				GENERATE_INFOPLIST_FILE = YES;
				INFOPLIST_FILE = testSparkleRelease/Info.plist;
				INFOPLIST_KEY_NSHumanReadableCopyright = "";
				INFOPLIST_KEY_NSMainStoryboardFile = Main;
				INFOPLIST_KEY_NSPrincipalClass = NSApplication;
				LD_RUNPATH_SEARCH_PATHS = (
					"$(inherited)",
					"@executable_path/../Frameworks",
				);
				MARKETING_VERSION = 1.1.0;
				PRODUCT_BUNDLE_IDENTIFIER = alexpera.testSparkleRelease;
				PRODUCT_NAME = "$(TARGET_NAME)";
				SWIFT_EMIT_LOC_STRINGS = YES;
				SWIFT_VERSION = 5.0;
			};
			name = Debug;
		};
		FA714171295C7ADE0002419D /* Release */ = {
			isa = XCBuildConfiguration;
			buildSettings = {
				ASSETCATALOG_COMPILER_APPICON_NAME = AppIcon;
				ASSETCATALOG_COMPILER_GLOBAL_ACCENT_COLOR_NAME = AccentColor;
				CODE_SIGN_ENTITLEMENTS = testSparkleRelease/testSparkleRelease.entitlements;
				CODE_SIGN_STYLE = Automatic;
				COMBINE_HIDPI_IMAGES = YES;
				CURRENT_PROJECT_VERSION = v1.3.1;
				DEVELOPMENT_TEAM = XX9N244QQT;
				ENABLE_HARDENED_RUNTIME = NO;
				GENERATE_INFOPLIST_FILE = YES;
				INFOPLIST_FILE = testSparkleRelease/Info.plist;
				INFOPLIST_KEY_NSHumanReadableCopyright = "";
				INFOPLIST_KEY_NSMainStoryboardFile = Main;
				INFOPLIST_KEY_NSPrincipalClass = NSApplication;
				LD_RUNPATH_SEARCH_PATHS = (
					"$(inherited)",
					"@executable_path/../Frameworks",
				);
				MARKETING_VERSION = 1.1.0;
				PRODUCT_BUNDLE_IDENTIFIER = alexpera.testSparkleRelease;
				PRODUCT_NAME = "$(TARGET_NAME)";
				SWIFT_EMIT_LOC_STRINGS = YES;
				SWIFT_VERSION = 5.0;
			};
			name = Release;
		};
		FA714173295C7ADE0002419D /* Debug */ = {
			isa = XCBuildConfiguration;
			buildSettings = {
				ALWAYS_EMBED_SWIFT_STANDARD_LIBRARIES = YES;
				BUNDLE_LOADER = "$(TEST_HOST)";
				CODE_SIGN_STYLE = Automatic;
				CURRENT_PROJECT_VERSION = v1.3.1;
				DEVELOPMENT_TEAM = XX9N244QQT;
				GENERATE_INFOPLIST_FILE = YES;
				MACOSX_DEPLOYMENT_TARGET = 13.1;
				MARKETING_VERSION = 1.0;
				PRODUCT_BUNDLE_IDENTIFIER = alexpera.testSparkleReleaseTests;
				PRODUCT_NAME = "$(TARGET_NAME)";
				SWIFT_EMIT_LOC_STRINGS = NO;
				SWIFT_VERSION = 5.0;
				TEST_HOST = "$(BUILT_PRODUCTS_DIR)/testSparkleRelease.app/$(BUNDLE_EXECUTABLE_FOLDER_PATH)/testSparkleRelease";
			};
			name = Debug;
		};
		FA714174295C7ADE0002419D /* Release */ = {
			isa = XCBuildConfiguration;
			buildSettings = {
				ALWAYS_EMBED_SWIFT_STANDARD_LIBRARIES = YES;
				BUNDLE_LOADER = "$(TEST_HOST)";
				CODE_SIGN_STYLE = Automatic;
				CURRENT_PROJECT_VERSION = v1.3.1;
				DEVELOPMENT_TEAM = XX9N244QQT;
				GENERATE_INFOPLIST_FILE = YES;
				MACOSX_DEPLOYMENT_TARGET = 13.1;
				MARKETING_VERSION = 1.0;
				PRODUCT_BUNDLE_IDENTIFIER = alexpera.testSparkleReleaseTests;
				PRODUCT_NAME = "$(TARGET_NAME)";
				SWIFT_EMIT_LOC_STRINGS = NO;
				SWIFT_VERSION = 5.0;
				TEST_HOST = "$(BUILT_PRODUCTS_DIR)/testSparkleRelease.app/$(BUNDLE_EXECUTABLE_FOLDER_PATH)/testSparkleRelease";
			};
			name = Release;
		};
		FA714176295C7ADE0002419D /* Debug */ = {
			isa = XCBuildConfiguration;
			buildSettings = {
				ALWAYS_EMBED_SWIFT_STANDARD_LIBRARIES = YES;
				CODE_SIGN_STYLE = Automatic;
				CURRENT_PROJECT_VERSION = v1.3.1;
				DEVELOPMENT_TEAM = XX9N244QQT;
				GENERATE_INFOPLIST_FILE = YES;
				MARKETING_VERSION = 1.0;
				PRODUCT_BUNDLE_IDENTIFIER = alexpera.testSparkleReleaseUITests;
				PRODUCT_NAME = "$(TARGET_NAME)";
				SWIFT_EMIT_LOC_STRINGS = NO;
				SWIFT_VERSION = 5.0;
				TEST_TARGET_NAME = testSparkleRelease;
			};
			name = Debug;
		};
		FA714177295C7ADE0002419D /* Release */ = {
			isa = XCBuildConfiguration;
			buildSettings = {
				ALWAYS_EMBED_SWIFT_STANDARD_LIBRARIES = YES;
				CODE_SIGN_STYLE = Automatic;
				CURRENT_PROJECT_VERSION = v1.3.1;
				DEVELOPMENT_TEAM = XX9N244QQT;
				GENERATE_INFOPLIST_FILE = YES;
				MARKETING_VERSION = 1.0;
				PRODUCT_BUNDLE_IDENTIFIER = alexpera.testSparkleReleaseUITests;
				PRODUCT_NAME = "$(TARGET_NAME)";
				SWIFT_EMIT_LOC_STRINGS = NO;
				SWIFT_VERSION = 5.0;
				TEST_TARGET_NAME = testSparkleRelease;
			};
			name = Release;
		};
/* End XCBuildConfiguration section */

/* Begin XCConfigurationList section */
		FA714145295C7ADB0002419D /* Build configuration list for PBXProject "testSparkleRelease" */ = {
			isa = XCConfigurationList;
			buildConfigurations = (
				FA71416D295C7ADE0002419D /* Debug */,
				FA71416E295C7ADE0002419D /* Release */,
			);
			defaultConfigurationIsVisible = 0;
			defaultConfigurationName = Release;
		};
		FA71416F295C7ADE0002419D /* Build configuration list for PBXNativeTarget "testSparkleRelease" */ = {
			isa = XCConfigurationList;
			buildConfigurations = (
				FA714170295C7ADE0002419D /* Debug */,
				FA714171295C7ADE0002419D /* Release */,
			);
			defaultConfigurationIsVisible = 0;
			defaultConfigurationName = Release;
		};
		FA714172295C7ADE0002419D /* Build configuration list for PBXNativeTarget "testSparkleReleaseTests" */ = {
			isa = XCConfigurationList;
			buildConfigurations = (
				FA714173295C7ADE0002419D /* Debug */,
				FA714174295C7ADE0002419D /* Release */,
			);
			defaultConfigurationIsVisible = 0;
			defaultConfigurationName = Release;
		};
		FA714175295C7ADE0002419D /* Build configuration list for PBXNativeTarget "testSparkleReleaseUITests" */ = {
			isa = XCConfigurationList;
			buildConfigurations = (
				FA714176295C7ADE0002419D /* Debug */,
				FA714177295C7ADE0002419D /* Release */,
			);
			defaultConfigurationIsVisible = 0;
			defaultConfigurationName = Release;
		};
/* End XCConfigurationList section */

/* Begin XCRemoteSwiftPackageReference section */
		FA714178295C7B510002419D /* XCRemoteSwiftPackageReference "Sparkle" */ = {
			isa = XCRemoteSwiftPackageReference;
			repositoryURL = "https://github.com/sparkle-project/Sparkle";
			requirement = {
				kind = upToNextMajorVersion;
				minimumVersion = 2.0.0;
			};
		};
/* End XCRemoteSwiftPackageReference section */

/* Begin XCSwiftPackageProductDependency section */
		FA714179295C7B510002419D /* Sparkle */ = {
			isa = XCSwiftPackageProductDependency;
			package = FA714178295C7B510002419D /* XCRemoteSwiftPackageReference "Sparkle" */;
			productName = Sparkle;
		};
/* End XCSwiftPackageProductDependency section */
	};
	rootObject = FA714142295C7ADB0002419D /* Project object */;
}
